{
  "nodes": {
    "home-manager": {
      "inputs": {
        "nixpkgs": "nixpkgs"
      },
      "locked": {
        "lastModified": 1611323638,
        "narHash": "sha256-+7wm2RH82NYTZjzl0Nw+8E4yyXqVp/6xPdPWHAQXlt8=",
        "owner": "nix-community",
        "repo": "home-manager",
        "rev": "91bd34620d73340be03642279ee0d1c64110ee6c",
        "type": "github"
      },
      "original": {
        "owner": "nix-community",
        "ref": "release-20.09",
        "repo": "home-manager",
        "type": "github"
      }
    },
    "nixpkgs": {
      "locked": {
        "lastModified": 1611366650,
        "narHash": "sha256-98BsLup/hZCdYQq1obYL1qVJb5Lyxm8iv9LTSbNYuaw=",
        "owner": "NixOS",
        "repo": "nixpkgs",
        "rev": "c52a11e741e4b9b1e54a485ae9895e76337f5f7f",
        "type": "github"
      },
      "original": {
        "id": "nixpkgs",
        "type": "indirect"
      }
    },
    "nixpkgs_2": {
      "locked": {
        "lastModified": 1611179033,
        "narHash": "sha256-NMepSdxJt8mFfgWHUT2o7u2yKZ8l2KD+FWbNDiR8Ufk=",
        "owner": "NixOS",
        "repo": "nixpkgs",
        "rev": "da3378c4aaf2ed350ad14552558fa55bb68d96d3",
        "type": "github"
      },
      "original": {
        "owner": "NixOS",
        "ref": "nixos-20.09",
        "repo": "nixpkgs",
        "type": "github"
      }
    },
    "root": {
      "inputs": {
        "home-manager": "home-manager",
        "nixpkgs": "nixpkgs_2"
      }
    }
  },
  "root": "root",
  "version": 7
}
